PODS:
  - AFNetworking (2.5.1):
    - AFNetworking/NSURLConnection (= 2.5.1)
    - AFNetworking/NSURLSession (= 2.5.1)
    - AFNetworking/Reachability (= 2.5.1)
    - AFNetworking/Security (= 2.5.1)
    - AFNetworking/Serialization (= 2.5.1)
    - AFNetworking/UIKit (= 2.5.1)
  - AFNetworking/NSURLConnection (2.5.1):
    - AFNetworking/Reachability
    - AFNetworking/Security
    - AFNetworking/Serialization
  - AFNetworking/NSURLSession (2.5.1):
    - AFNetworking/Reachability
    - AFNetworking/Security
    - AFNetworking/Serialization
  - AFNetworking/Reachability (2.5.1)
  - AFNetworking/Security (2.5.1)
  - AFNetworking/Serialization (2.5.1)
  - AFNetworking/UIKit (2.5.1):
    - AFNetworking/NSURLConnection
    - AFNetworking/NSURLSession
  - Bolts (1.1.4)
  - CTAssetsPickerController (2.9.3)
  - Facebook-iOS-SDK (3.23.1):
    - Bolts (~> 1.0)
  - FacebookImagePicker (1.0.1):
    - Facebook-iOS-SDK (~> 3.23.1)
    - SDWebImage (~> 3.7.2)
  - InstagramImagePicker (1.0.5):
    - NXOAuth2Client (~> 1.2.8)
    - SDWebImage (~> 3.7.2)
    - UIColor-HexString
  - LXReorderableCollectionViewFlowLayout (0.1.1)
  - NXOAuth2Client (1.2.8)
  - PayPal-iOS-SDK (2.4.2)
  - SDWebImage (3.7.2):
    - SDWebImage/Core (= 3.7.2)
  - SDWebImage/Core (3.7.2)
  - Stripe (2.2.0):
    - Stripe/Core (= 2.2.0)
  - Stripe/ApplePay (2.2.0):
    - Stripe/Core
  - Stripe/Core (2.2.0)
  - SVProgressHUD (1.1.2)
  - UICKeyChainStore (2.0.4)
  - UIColor-HexString (1.1.0)

DEPENDENCIES:
  - AFNetworking (~> 2.5.0)
  - CTAssetsPickerController
  - FacebookImagePicker
  - InstagramImagePicker
  - LXReorderableCollectionViewFlowLayout
  - PayPal-iOS-SDK (~> 2.4.2)
  - SDWebImage
  - Stripe (= 2.2.0)
  - Stripe/ApplePay
  - SVProgressHUD
  - UICKeyChainStore (~> 2.0.4)

SPEC CHECKSUMS:
  AFNetworking: 8bee59492a6ff15d69130efa4d0dc67e0094a52a
  Bolts: dd9fb8433d67f5acc3b6b4d1379bbc5513d716c1
  CTAssetsPickerController: 56a4a228dcb48a9375ab8d4922e82ac74af74aa1
  Facebook-iOS-SDK: 89dae50e975ebab95a01b0962d27277fc9cf08fd
  FacebookImagePicker: d7ff24cf1585c70558bfd4481ca96081f187f011
  InstagramImagePicker: 3f4bdbf53fa66eaa63adb70b50734cf04de2526d
  LXReorderableCollectionViewFlowLayout: b4e25543263e27d4c147109ae5ead01cc9119f23
  NXOAuth2Client: fa81be68c9ce628202028ae037c9c92cfbb37865
  PayPal-iOS-SDK: d23a5c671f293e07d1a52884943268c43b7ef99d
  SDWebImage: 71b7cdc1d1721d6a82ed62889030225f2c249e29
  Stripe: 935d0ff491100ca1ba0f4040c64e449c5ed69f6d
  SVProgressHUD: da7a49e789af645d9279ffbca62318945a832438
  UICKeyChainStore: 2399076d0950e20fe859b8f817548cf6ca542dd7
  UIColor-HexString: a9eabf02c1a2f9036ed6ac9cb2a3ea086f3b39e4

COCOAPODS: 0.35.0
