PODS:
  - AFNetworking (2.5.4):
    - AFNetworking/NSURLConnection (= 2.5.4)
    - AFNetworking/NSURLSession (= 2.5.4)
    - AFNetworking/Reachability (= 2.5.4)
    - AFNetworking/Security (= 2.5.4)
    - AFNetworking/Serialization (= 2.5.4)
    - AFNetworking/UIKit (= 2.5.4)
  - AFNetworking/NSURLConnection (2.5.4):
    - AFNetworking/Reachability
    - AFNetworking/Security
    - AFNetworking/Serialization
  - AFNetworking/NSURLSession (2.5.4):
    - AFNetworking/Reachability
    - AFNetworking/Security
    - AFNetworking/Serialization
  - AFNetworking/Reachability (2.5.4)
  - AFNetworking/Security (2.5.4)
  - AFNetworking/Serialization (2.5.4)
  - AFNetworking/UIKit (2.5.4):
    - AFNetworking/NSURLConnection
    - AFNetworking/NSURLSession
  - Bolts (1.2.0):
    - Bolts/AppLinks (= 1.2.0)
    - Bolts/Tasks (= 1.2.0)
  - Bolts/AppLinks (1.2.0):
    - Bolts/Tasks
  - Bolts/Tasks (1.2.0)
  - CSStickyHeaderFlowLayout (0.2.7)
  - CTAssetsPickerController (2.9.5)
  - Facebook-iOS-SDK (3.23.2):
    - Bolts (~> 1.0)
  - FacebookImagePicker (1.0.3):
    - Facebook-iOS-SDK (~> 3.23.2)
    - SDWebImage (~> 3.7.2)
  - GroundControl (2.1.0):
    - AFNetworking (~> 2.2)
  - InstagramImagePicker (1.0.8):
    - NXOAuth2Client (~> 1.2.8)
    - SDWebImage (~> 3.7.2)
    - UIColor-HexString
  - MPFlipViewController (0.0.2)
  - NXOAuth2Client (1.2.8)
  - PayPal-iOS-SDK (2.4.2)
  - SDWebImage (3.7.3):
    - SDWebImage/Core (= 3.7.3)
  - SDWebImage/Core (3.7.3)
  - SkyLab (1.0.0)
  - Stripe (2.2.0):
    - Stripe/Core (= 2.2.0)
  - Stripe/ApplePay (2.2.0):
    - Stripe/Core
  - Stripe/Core (2.2.0)
  - SVProgressHUD (1.1.3)
  - TSMarkdownParser (1.0.17)
  - UICKeyChainStore (2.0.6)
  - UIColor-HexString (1.1.0)

DEPENDENCIES:
  - AFNetworking (~> 2.5.0)
  - CSStickyHeaderFlowLayout
  - CTAssetsPickerController
  - FacebookImagePicker
  - GroundControl
  - InstagramImagePicker
  - MPFlipViewController
  - PayPal-iOS-SDK (~> 2.4.2)
  - SDWebImage
  - SkyLab (~> 1.0.0)
  - Stripe (= 2.2.0)
  - Stripe/ApplePay
  - SVProgressHUD
  - TSMarkdownParser
  - UICKeyChainStore (~> 2.0.4)
  - UIColor-HexString

SPEC CHECKSUMS:
  AFNetworking: 05edc0ac4c4c8cf57bcf4b84be5b0744b6d8e71e
  Bolts: d176cb1e0012175589e389a9db49b85e27787576
  CSStickyHeaderFlowLayout: 739445e36fd96ab2cee9b9826a902396567fb6a5
  CTAssetsPickerController: b413fece2194ae3dbf22fbc544cf6f2a6d516a4d
  Facebook-iOS-SDK: cd87f0b2f0c1d9574b44e8fa2baacc275524bac3
  FacebookImagePicker: 65ed253b544712e3a4af14eef43600621b639e2d
  GroundControl: fbc762e0097feece7fb6d8cdc8f2747a504a6833
  InstagramImagePicker: 9ff8eb307b33b2f61d1287ea0bd425646b031101
  MPFlipViewController: 86caa6203ca9d35af23cc6b4e1bcf53e53333770
  NXOAuth2Client: 98c4d4c594edd2b289cfc34a8928653e1dab7adf
  PayPal-iOS-SDK: ddbc32428357fdfdfe430dd956125745a7096f24
  SDWebImage: 1d2b1a1efda1ade1b00b6f8498865f8ddedc8a84
  SkyLab: 01d9559bbab2183e54e67dc7a8a12a22b0a4be99
  Stripe: 8e93a44ea9caf2ed5e0cafa0364a0ce8fdd54dd6
  SVProgressHUD: 748080e4f36e603f6c02aec292664239df5279c1
  TSMarkdownParser: 73006e0687af93a7125d645d7e214724e9476343
  UICKeyChainStore: c5719c814e8bd69e74e4a0fc09daf8f4d6257a59
  UIColor-HexString: f8a5612bd6772fed8db58ee594b42a0b2831750e

COCOAPODS: 0.37.2
