PODS:
  - AFNetworking (2.5.0):
    - AFNetworking/NSURLConnection (= 2.5.0)
    - AFNetworking/NSURLSession (= 2.5.0)
    - AFNetworking/Reachability (= 2.5.0)
    - AFNetworking/Security (= 2.5.0)
    - AFNetworking/Serialization (= 2.5.0)
    - AFNetworking/UIKit (= 2.5.0)
  - AFNetworking/NSURLConnection (2.5.0):
    - AFNetworking/Reachability
    - AFNetworking/Security
    - AFNetworking/Serialization
  - AFNetworking/NSURLSession (2.5.0):
    - AFNetworking/Reachability
    - AFNetworking/Security
    - AFNetworking/Serialization
  - AFNetworking/Reachability (2.5.0)
  - AFNetworking/Security (2.5.0)
  - AFNetworking/Serialization (2.5.0)
  - AFNetworking/UIKit (2.5.0):
    - AFNetworking/NSURLConnection
    - AFNetworking/NSURLSession
  - DACircularProgress (2.2.0)
  - IMCropScrollView (1.1.2)
  - LXReorderableCollectionViewFlowLayout (0.1.1)
  - OLImageEditor (2.0.0):
    - DACircularProgress
    - SDWebImage
  - PayPal-iOS-SDK (2.4.2)
  - RMImageCropper (0.1.1)
  - SDWebImage (3.7.1):
    - SDWebImage/Core (= 3.7.1)
  - SDWebImage/Core (3.7.1)
  - Stripe (2.2.0):
    - Stripe/Core (= 2.2.0)
  - Stripe/ApplePay (2.2.0):
    - Stripe/Core
  - Stripe/Core (2.2.0)
  - SVProgressHUD (1.1.2)
  - UICKeyChainStore (1.0.5)

DEPENDENCIES:
  - AFNetworking (~> 2.5.0)
  - IMCropScrollView
  - LXReorderableCollectionViewFlowLayout
  - OLImageEditor
  - PayPal-iOS-SDK (~> 2.4.2)
  - RMImageCropper (from `https://github.com/OceanLabs/RMImageCropper.git`)
  - SDWebImage
  - Stripe (= 2.2.0)
  - Stripe/ApplePay
  - SVProgressHUD
  - UICKeyChainStore (~> 1.0.4)

EXTERNAL SOURCES:
  RMImageCropper:
    :git: https://github.com/OceanLabs/RMImageCropper.git

CHECKOUT OPTIONS:
  RMImageCropper:
    :commit: 7b2b66d69f13f1195dcffae1d1730a3e8f33d591
    :git: https://github.com/OceanLabs/RMImageCropper.git

SPEC CHECKSUMS:
  AFNetworking: 0f54cb5d16ce38c1b76948faffb8d5fb705021c7
  DACircularProgress: 3b41941891a56dc6aa17971f5322a9a38a6f446e
  IMCropScrollView: ea7b135b1ae6343303b80abbc8f9cf0f591a2bd8
  LXReorderableCollectionViewFlowLayout: b4e25543263e27d4c147109ae5ead01cc9119f23
  OLImageEditor: 578c116e62dcb44e40c1ce48b9f48b3088768ee1
  PayPal-iOS-SDK: d23a5c671f293e07d1a52884943268c43b7ef99d
  RMImageCropper: 3d65800cf55ba85786ac6aa6670ef9424c57d797
  SDWebImage: 116e88633b5b416ea0ca4b334a4ac59cf72dd38d
  Stripe: 935d0ff491100ca1ba0f4040c64e449c5ed69f6d
  SVProgressHUD: da7a49e789af645d9279ffbca62318945a832438
  UICKeyChainStore: 4f9719600cc70025064e26f28f1210bcfc3b0c35

COCOAPODS: 0.35.0
