PODS:
  - Analytics (3.6.10)
  - Bolts (1.9.0):
    - Bolts/AppLinks (= 1.9.0)
    - Bolts/Tasks (= 1.9.0)
  - Bolts/AppLinks (1.9.0):
    - Bolts/Tasks
  - Bolts/Tasks (1.9.0)
  - FBSDKCoreKit (4.38.1):
    - Bolts (~> 1.9)
  - FBSDKLoginKit (4.38.1):
    - FBSDKCoreKit
  - KeychainSwift (11.0.0)
  - KITAssetsPickerController (1.0.9):
    - PureLayout (~> 3.0.0)
  - NXOAuth2Client (1.2.8)
  - PayPal-iOS-Dynamic-Loader (1.0.1)
  - PayPal-iOS-SDK/Core (2.18.1)
  - Photobook (1.1.0):
    - Analytics (~> 3.0)
    - KeychainSwift (~> 11.0.0)
    - PayPal-iOS-Dynamic-Loader
    - SDWebImage (~> 4.4.0)
    - Stripe
  - PureLayout (3.0.2)
  - SDWebImage (4.4.3):
    - SDWebImage/Core (= 4.4.3)
  - SDWebImage/Core (4.4.3)
  - Stripe (14.0.0)

DEPENDENCIES:
  - FBSDKCoreKit
  - FBSDKLoginKit
  - KITAssetsPickerController (from `https://github.com/kkarayannis/KITAssetsPickerController.git`)
  - NXOAuth2Client
  - PayPal-iOS-SDK/Core
  - Photobook (from `https://github.com/OceanLabs/Photobook-iOS`, branch `develop`)

SPEC REPOS:
  https://github.com/cocoapods/specs.git:
    - Analytics
    - Bolts
    - FBSDKCoreKit
    - FBSDKLoginKit
    - KeychainSwift
    - NXOAuth2Client
    - PayPal-iOS-Dynamic-Loader
    - PayPal-iOS-SDK
    - PureLayout
    - SDWebImage
    - Stripe

EXTERNAL SOURCES:
  KITAssetsPickerController:
    :git: https://github.com/kkarayannis/KITAssetsPickerController.git
  Photobook:
    :branch: develop
    :git: https://github.com/OceanLabs/Photobook-iOS

CHECKOUT OPTIONS:
  KITAssetsPickerController:
    :commit: b08f373301d1a3c17c09104a5577d61a1255ba8c
    :git: https://github.com/kkarayannis/KITAssetsPickerController.git
  Photobook:
    :commit: f72313afb14650da745de8f3d16a2eb6bf84118d
    :git: https://github.com/OceanLabs/Photobook-iOS

SPEC CHECKSUMS:
  Analytics: 63744ad4afa65c3bcdcdb7a94b62515bde5b3900
  Bolts: ac6567323eac61e203f6a9763667d0f711be34c8
  FBSDKCoreKit: 8d47857400e2f5bdea697a80daff882e91c84ef6
  FBSDKLoginKit: 4621c690d9dd8628031a4791497062183ea34b0d
  KeychainSwift: bea6bd9f98af7b8d7ca4aa79fe105c00fab532db
  KITAssetsPickerController: bcb94b0b3267006fa666041f18a2370a00a9b105
  NXOAuth2Client: 98c4d4c594edd2b289cfc34a8928653e1dab7adf
  PayPal-iOS-Dynamic-Loader: a32db083fe7e8f8d9ad4309e483e369c9a47e5eb
  PayPal-iOS-SDK: 10654cd111e911a9807bddb96fae81aacb8e9915
  Photobook: afea90f136e1d4f6e34d38152615aac618c20529
  PureLayout: 4d550abe49a94f24c2808b9b95db9131685fe4cd
  SDWebImage: c5594f1a19c48d526d321e548902b56b479cd508
  Stripe: db29ad197c74aca6fb981e4e8355cf7ebd0fca5a

PODFILE CHECKSUM: 250d2c32ab4c6eaba771ef770fc14b345827b588

COCOAPODS: 1.5.3
